
Microsoft Visual Studio Solution File, Format Version 12.00
# Visual Studio Version 17
VisualStudioVersion = 17.5.33502.453
MinimumVisualStudioVersion = 10.0.40219.1
Project("{9A19103F-16F7-4668-BE54-9A1E7A4F7556}") = "ArticleProject.BL", "ArticleProject.BL\ArticleProject.BL.csproj", "{A5E8D3CF-9407-4DC0-8D55-8043F3136BD1}"
EndProject
Project("{9A19103F-16F7-4668-BE54-9A1E7A4F7556}") = "ArticleProject.DAL", "ArticleProject.DAL\ArticleProject.DAL.csproj", "{BD7A6644-8FAF-4F1C-8A49-FB4D85B1AC21}"
EndProject
Project("{9A19103F-16F7-4668-BE54-9A1E7A4F7556}") = "ArticleProject.Tests", "ArticleProject.Tests\ArticleProject.Tests.csproj", "{BB852143-8720-4D9E-BDEC-29CBD3ED57F8}"
EndProject
Project("{FAE04EC0-301F-11D3-BF4B-00C04F79EFBC}") = "ArticleProject.PL", "ArticleProject.PL\ArticleProject.PL.csproj", "{93B2A84C-6136-4391-877D-0DC895823D63}"
EndProject
Global
	GlobalSection(SolutionConfigurationPlatforms) = preSolution
		Debug|Any CPU = Debug|Any CPU
		Release|Any CPU = Release|Any CPU
	EndGlobalSection
	GlobalSection(ProjectConfigurationPlatforms) = postSolution
		{A5E8D3CF-9407-4DC0-8D55-8043F3136BD1}.Debug|Any CPU.ActiveCfg = Debug|Any CPU
		{A5E8D3CF-9407-4DC0-8D55-8043F3136BD1}.Debug|Any CPU.Build.0 = Debug|Any CPU
		{A5E8D3CF-9407-4DC0-8D55-8043F3136BD1}.Release|Any CPU.ActiveCfg = Release|Any CPU
		{A5E8D3CF-9407-4DC0-8D55-8043F3136BD1}.Release|Any CPU.Build.0 = Release|Any CPU
		{BD7A6644-8FAF-4F1C-8A49-FB4D85B1AC21}.Debug|Any CPU.ActiveCfg = Debug|Any CPU
		{BD7A6644-8FAF-4F1C-8A49-FB4D85B1AC21}.Debug|Any CPU.Build.0 = Debug|Any CPU
		{BD7A6644-8FAF-4F1C-8A49-FB4D85B1AC21}.Release|Any CPU.ActiveCfg = Release|Any CPU
		{BD7A6644-8FAF-4F1C-8A49-FB4D85B1AC21}.Release|Any CPU.Build.0 = Release|Any CPU
		{BB852143-8720-4D9E-BDEC-29CBD3ED57F8}.Debug|Any CPU.ActiveCfg = Debug|Any CPU
		{BB852143-8720-4D9E-BDEC-29CBD3ED57F8}.Debug|Any CPU.Build.0 = Debug|Any CPU
		{BB852143-8720-4D9E-BDEC-29CBD3ED57F8}.Release|Any CPU.ActiveCfg = Release|Any CPU
		{BB852143-8720-4D9E-BDEC-29CBD3ED57F8}.Release|Any CPU.Build.0 = Release|Any CPU
		{93B2A84C-6136-4391-877D-0DC895823D63}.Debug|Any CPU.ActiveCfg = Debug|Any CPU
		{93B2A84C-6136-4391-877D-0DC895823D63}.Debug|Any CPU.Build.0 = Debug|Any CPU
		{93B2A84C-6136-4391-877D-0DC895823D63}.Release|Any CPU.ActiveCfg = Release|Any CPU
		{93B2A84C-6136-4391-877D-0DC895823D63}.Release|Any CPU.Build.0 = Release|Any CPU
	EndGlobalSection
	GlobalSection(SolutionProperties) = preSolution
		HideSolutionNode = FALSE
	EndGlobalSection
	GlobalSection(ExtensibilityGlobals) = postSolution
		SolutionGuid = {2E8B6158-0639-4A3F-8910-74C19BB1138E}
	EndGlobalSection
EndGlobal
